
Microsoft Visual Studio Solution File, Format Version 12.00
# Visual Studio Version 17
VisualStudioVersion = 17.4.33103.184
MinimumVisualStudioVersion = 10.0.40219.1
Project("{9A19103F-16F7-4668-BE54-9A1E7A4F7556}") = "tailwindcss-dotnet", "src\tailwindcss-dotnet\tailwindcss-dotnet.csproj", "{5A59404E-5598-48AD-AB79-B2A18EC33A7E}"
EndProject
Project("{2150E333-8FDC-42A3-9474-1A3956D46DE8}") = ".SolutionItems", ".SolutionItems", "{19CAD813-D078-480C-ACF4-80DB1E44A917}"
	ProjectSection(SolutionItems) = preProject
		Directory.Build.props = Directory.Build.props
		README.md = README.md
	EndProjectSection
EndProject
Global
	GlobalSection(SolutionConfigurationPlatforms) = preSolution
		Debug|Any CPU = Debug|Any CPU
		Release|Any CPU = Release|Any CPU
	EndGlobalSection
	GlobalSection(ProjectConfigurationPlatforms) = postSolution
		{5A59404E-5598-48AD-AB79-B2A18EC33A7E}.Debug|Any CPU.ActiveCfg = Debug|Any CPU
		{5A59404E-5598-48AD-AB79-B2A18EC33A7E}.Debug|Any CPU.Build.0 = Debug|Any CPU
		{5A59404E-5598-48AD-AB79-B2A18EC33A7E}.Release|Any CPU.ActiveCfg = Release|Any CPU
		{5A59404E-5598-48AD-AB79-B2A18EC33A7E}.Release|Any CPU.Build.0 = Release|Any CPU
	EndGlobalSection
	GlobalSection(SolutionProperties) = preSolution
		HideSolutionNode = FALSE
	EndGlobalSection
	GlobalSection(ExtensibilityGlobals) = postSolution
		SolutionGuid = {5E9A9CA8-35EE-43D9-AC94-DED4C3DE87A3}
	EndGlobalSection
EndGlobal
